// !$*UTF8*$!
{
	archiveVersion = 1;
	classes = {
	};
	objectVersion = 56;
	objects = {

/* Begin PBXBuildFile section */
		C777ED742BAAD0B900C8BDBD /* LittleLemonApp.swift in Sources */ = {isa = PBXBuildFile; fileRef = C777ED732BAAD0B900C8BDBD /* LittleLemonApp.swift */; };
		C777ED782BAAD0BB00C8BDBD /* Assets.xcassets in Resources */ = {isa = PBXBuildFile; fileRef = C777ED772BAAD0BB00C8BDBD /* Assets.xcassets */; };
		C777ED7B2BAAD0BB00C8BDBD /* Preview Assets.xcassets in Resources */ = {isa = PBXBuildFile; fileRef = C777ED7A2BAAD0BB00C8BDBD /* Preview Assets.xcassets */; };
		C777ED832BAAD23800C8BDBD /* MenuItemView.swift in Sources */ = {isa = PBXBuildFile; fileRef = C777ED822BAAD23800C8BDBD /* MenuItemView.swift */; };
		C777ED912BAAEA1300C8BDBD /* MenuItemViewModel.swift in Sources */ = {isa = PBXBuildFile; fileRef = C777ED902BAAEA1300C8BDBD /* MenuItemViewModel.swift */; };
		C777ED9E2BAB088800C8BDBD /* MenuItem.swift in Sources */ = {isa = PBXBuildFile; fileRef = C777ED9D2BAB088800C8BDBD /* MenuItem.swift */; };
		C781BA9E2BAE799F003D686C /* MenuItemDetailsView.swift in Sources */ = {isa = PBXBuildFile; fileRef = C781BA9D2BAE799F003D686C /* MenuItemDetailsView.swift */; };
		C781BAA62BAE94D5003D686C /* MenuItemGridView.swift in Sources */ = {isa = PBXBuildFile; fileRef = C781BAA52BAE94D5003D686C /* MenuItemGridView.swift */; };
		C781BAA82BAE98F8003D686C /* MenuCategory.swift in Sources */ = {isa = PBXBuildFile; fileRef = C781BAA72BAE98F8003D686C /* MenuCategory.swift */; };
		C781BAAB2BAEAFBC003D686C /* MenuItemOptionView.swift in Sources */ = {isa = PBXBuildFile; fileRef = C781BAAA2BAEAFBC003D686C /* MenuItemOptionView.swift */; };
		C781BAAD2BAEB0F6003D686C /* MenuItemOptionViewModel.swift in Sources */ = {isa = PBXBuildFile; fileRef = C781BAAC2BAEB0F6003D686C /* MenuItemOptionViewModel.swift */; };
		C781BAAF2BAEB46D003D686C /* SortBy.swift in Sources */ = {isa = PBXBuildFile; fileRef = C781BAAE2BAEB46D003D686C /* SortBy.swift */; };
		C781BAB12BAEBA79003D686C /* Ingredient.swift in Sources */ = {isa = PBXBuildFile; fileRef = C781BAB02BAEBA79003D686C /* Ingredient.swift */; };
/* End PBXBuildFile section */

/* Begin PBXFileReference section */
		C777ED702BAAD0B900C8BDBD /* LittleLemon.app */ = {isa = PBXFileReference; explicitFileType = wrapper.application; includeInIndex = 0; path = LittleLemon.app; sourceTree = BUILT_PRODUCTS_DIR; };
		C777ED732BAAD0B900C8BDBD /* LittleLemonApp.swift */ = {isa = PBXFileReference; lastKnownFileType = sourcecode.swift; path = LittleLemonApp.swift; sourceTree = "<group>"; };
		C777ED772BAAD0BB00C8BDBD /* Assets.xcassets */ = {isa = PBXFileReference; lastKnownFileType = folder.assetcatalog; path = Assets.xcassets; sourceTree = "<group>"; };
		C777ED7A2BAAD0BB00C8BDBD /* Preview Assets.xcassets */ = {isa = PBXFileReference; lastKnownFileType = folder.assetcatalog; path = "Preview Assets.xcassets"; sourceTree = "<group>"; };
		C777ED822BAAD23800C8BDBD /* MenuItemView.swift */ = {isa = PBXFileReference; lastKnownFileType = sourcecode.swift; path = MenuItemView.swift; sourceTree = "<group>"; };
		C777ED902BAAEA1300C8BDBD /* MenuItemViewModel.swift */ = {isa = PBXFileReference; lastKnownFileType = sourcecode.swift; path = MenuItemViewModel.swift; sourceTree = "<group>"; };
		C777ED9D2BAB088800C8BDBD /* MenuItem.swift */ = {isa = PBXFileReference; lastKnownFileType = sourcecode.swift; path = MenuItem.swift; sourceTree = "<group>"; };
		C781BA9D2BAE799F003D686C /* MenuItemDetailsView.swift */ = {isa = PBXFileReference; lastKnownFileType = sourcecode.swift; path = MenuItemDetailsView.swift; sourceTree = "<group>"; };
		C781BAA52BAE94D5003D686C /* MenuItemGridView.swift */ = {isa = PBXFileReference; lastKnownFileType = sourcecode.swift; path = MenuItemGridView.swift; sourceTree = "<group>"; };
		C781BAA72BAE98F8003D686C /* MenuCategory.swift */ = {isa = PBXFileReference; lastKnownFileType = sourcecode.swift; path = MenuCategory.swift; sourceTree = "<group>"; };
		C781BAAA2BAEAFBC003D686C /* MenuItemOptionView.swift */ = {isa = PBXFileReference; lastKnownFileType = sourcecode.swift; path = MenuItemOptionView.swift; sourceTree = "<group>"; };
		C781BAAC2BAEB0F6003D686C /* MenuItemOptionViewModel.swift */ = {isa = PBXFileReference; lastKnownFileType = sourcecode.swift; path = MenuItemOptionViewModel.swift; sourceTree = "<group>"; };
		C781BAAE2BAEB46D003D686C /* SortBy.swift */ = {isa = PBXFileReference; lastKnownFileType = sourcecode.swift; path = SortBy.swift; sourceTree = "<group>"; };
		C781BAB02BAEBA79003D686C /* Ingredient.swift */ = {isa = PBXFileReference; lastKnownFileType = sourcecode.swift; path = Ingredient.swift; sourceTree = "<group>"; };
/* End PBXFileReference section */

/* Begin PBXFrameworksBuildPhase section */
		C777ED6D2BAAD0B900C8BDBD /* Frameworks */ = {
			isa = PBXFrameworksBuildPhase;
			buildActionMask = 2147483647;
			files = (
			);
			runOnlyForDeploymentPostprocessing = 0;
		};
/* End PBXFrameworksBuildPhase section */

/* Begin PBXGroup section */
		C777ED672BAAD0B900C8BDBD = {
			isa = PBXGroup;
			children = (
				C777ED722BAAD0B900C8BDBD /* LittleLemon */,
				C777ED712BAAD0B900C8BDBD /* Products */,
			);
			sourceTree = "<group>";
		};
		C777ED712BAAD0B900C8BDBD /* Products */ = {
			isa = PBXGroup;
			children = (
				C777ED702BAAD0B900C8BDBD /* LittleLemon.app */,
			);
			name = Products;
			sourceTree = "<group>";
		};
		C777ED722BAAD0B900C8BDBD /* LittleLemon */ = {
			isa = PBXGroup;
			children = (
				C777ED882BAADB0400C8BDBD /* root */,
				C777ED862BAADADE00C8BDBD /* views */,
				C781BAA92BAEAF8C003D686C /* MenuItemOptionView */,
				C777ED872BAADAED00C8BDBD /* models */,
				C777ED772BAAD0BB00C8BDBD /* Assets.xcassets */,
				C777ED792BAAD0BB00C8BDBD /* Preview Content */,
			);
			path = LittleLemon;
			sourceTree = "<group>";
		};
		C777ED792BAAD0BB00C8BDBD /* Preview Content */ = {
			isa = PBXGroup;
			children = (
				C777ED7A2BAAD0BB00C8BDBD /* Preview Assets.xcassets */,
			);
			path = "Preview Content";
			sourceTree = "<group>";
		};
		C777ED812BAAD21700C8BDBD /* MenuItem */ = {
			isa = PBXGroup;
			children = (
				C777ED822BAAD23800C8BDBD /* MenuItemView.swift */,
				C777ED902BAAEA1300C8BDBD /* MenuItemViewModel.swift */,
			);
			path = MenuItem;
			sourceTree = "<group>";
		};
		C777ED862BAADADE00C8BDBD /* views */ = {
			isa = PBXGroup;
			children = (
				C777ED812BAAD21700C8BDBD /* MenuItem */,
				C781BAA42BAE94BC003D686C /* MenuItemGrid */,
				C781BA9C2BAE7982003D686C /* MenuItemDetailsView */,
			);
			path = views;
			sourceTree = "<group>";
		};
		C777ED872BAADAED00C8BDBD /* models */ = {
			isa = PBXGroup;
			children = (
				C777ED9D2BAB088800C8BDBD /* MenuItem.swift */,
				C781BA9F2BAE812D003D686C /* enums */,
			);
			path = models;
			sourceTree = "<group>";
		};
		C777ED882BAADB0400C8BDBD /* root */ = {
			isa = PBXGroup;
			children = (
				C777ED732BAAD0B900C8BDBD /* LittleLemonApp.swift */,
			);
			path = root;
			sourceTree = "<group>";
		};
		C781BA9C2BAE7982003D686C /* MenuItemDetailsView */ = {
			isa = PBXGroup;
			children = (
				C781BA9D2BAE799F003D686C /* MenuItemDetailsView.swift */,
			);
			path = MenuItemDetailsView;
			sourceTree = "<group>";
		};
		C781BA9F2BAE812D003D686C /* enums */ = {
			isa = PBXGroup;
			children = (
				C781BAA72BAE98F8003D686C /* MenuCategory.swift */,
				C781BAAE2BAEB46D003D686C /* SortBy.swift */,
				C781BAB02BAEBA79003D686C /* Ingredient.swift */,
			);
			path = enums;
			sourceTree = "<group>";
		};
		C781BAA42BAE94BC003D686C /* MenuItemGrid */ = {
			isa = PBXGroup;
			children = (
				C781BAA52BAE94D5003D686C /* MenuItemGridView.swift */,
			);
			path = MenuItemGrid;
			sourceTree = "<group>";
		};
		C781BAA92BAEAF8C003D686C /* MenuItemOptionView */ = {
			isa = PBXGroup;
			children = (
				C781BAAA2BAEAFBC003D686C /* MenuItemOptionView.swift */,
				C781BAAC2BAEB0F6003D686C /* MenuItemOptionViewModel.swift */,
			);
			path = MenuItemOptionView;
			sourceTree = "<group>";
		};
/* End PBXGroup section */

/* Begin PBXNativeTarget section */
		C777ED6F2BAAD0B900C8BDBD /* LittleLemon */ = {
			isa = PBXNativeTarget;
			buildConfigurationList = C777ED7E2BAAD0BB00C8BDBD /* Build configuration list for PBXNativeTarget "LittleLemon" */;
			buildPhases = (
				C777ED6C2BAAD0B900C8BDBD /* Sources */,
				C777ED6D2BAAD0B900C8BDBD /* Frameworks */,
				C777ED6E2BAAD0B900C8BDBD /* Resources */,
			);
			buildRules = (
			);
			dependencies = (
			);
			name = LittleLemon;
			productName = LittleLemon;
			productReference = C777ED702BAAD0B900C8BDBD /* LittleLemon.app */;
			productType = "com.apple.product-type.application";
		};
/* End PBXNativeTarget section */

/* Begin PBXProject section */
		C777ED682BAAD0B900C8BDBD /* Project object */ = {
			isa = PBXProject;
			attributes = {
				BuildIndependentTargetsInParallel = 1;
				LastSwiftUpdateCheck = 1530;
				LastUpgradeCheck = 1530;
				TargetAttributes = {
					C777ED6F2BAAD0B900C8BDBD = {
						CreatedOnToolsVersion = 15.3;
					};
				};
			};
			buildConfigurationList = C777ED6B2BAAD0B900C8BDBD /* Build configuration list for PBXProject "LittleLemon" */;
			compatibilityVersion = "Xcode 14.0";
			developmentRegion = en;
			hasScannedForEncodings = 0;
			knownRegions = (
				en,
				Base,
			);
			mainGroup = C777ED672BAAD0B900C8BDBD;
			productRefGroup = C777ED712BAAD0B900C8BDBD /* Products */;
			projectDirPath = "";
			projectRoot = "";
			targets = (
				C777ED6F2BAAD0B900C8BDBD /* LittleLemon */,
			);
		};
/* End PBXProject section */

/* Begin PBXResourcesBuildPhase section */
		C777ED6E2BAAD0B900C8BDBD /* Resources */ = {
			isa = PBXResourcesBuildPhase;
			buildActionMask = 2147483647;
			files = (
				C777ED7B2BAAD0BB00C8BDBD /* Preview Assets.xcassets in Resources */,
				C777ED782BAAD0BB00C8BDBD /* Assets.xcassets in Resources */,
			);
			runOnlyForDeploymentPostprocessing = 0;
		};
/* End PBXResourcesBuildPhase section */

/* Begin PBXSourcesBuildPhase section */
		C777ED6C2BAAD0B900C8BDBD /* Sources */ = {
			isa = PBXSourcesBuildPhase;
			buildActionMask = 2147483647;
			files = (
				C781BAAF2BAEB46D003D686C /* SortBy.swift in Sources */,
				C781BAAB2BAEAFBC003D686C /* MenuItemOptionView.swift in Sources */,
				C777ED832BAAD23800C8BDBD /* MenuItemView.swift in Sources */,
				C777ED912BAAEA1300C8BDBD /* MenuItemViewModel.swift in Sources */,
				C781BAA82BAE98F8003D686C /* MenuCategory.swift in Sources */,
				C777ED9E2BAB088800C8BDBD /* MenuItem.swift in Sources */,
				C777ED742BAAD0B900C8BDBD /* LittleLemonApp.swift in Sources */,
				C781BAA62BAE94D5003D686C /* MenuItemGridView.swift in Sources */,
				C781BAAD2BAEB0F6003D686C /* MenuItemOptionViewModel.swift in Sources */,
				C781BA9E2BAE799F003D686C /* MenuItemDetailsView.swift in Sources */,
				C781BAB12BAEBA79003D686C /* Ingredient.swift in Sources */,
			);
			runOnlyForDeploymentPostprocessing = 0;
		};
/* End PBXSourcesBuildPhase section */

/* Begin XCBuildConfiguration section */
		C777ED7C2BAAD0BB00C8BDBD /* Debug */ = {
			isa = XCBuildConfiguration;
			buildSettings = {
				ALWAYS_SEARCH_USER_PATHS = NO;
				ASSETCATALOG_COMPILER_GENERATE_SWIFT_ASSET_SYMBOL_EXTENSIONS = YES;
				CLANG_ANALYZER_NONNULL = YES;
				CLANG_ANALYZER_NUMBER_OBJECT_CONVERSION = YES_AGGRESSIVE;
				CLANG_CXX_LANGUAGE_STANDARD = "gnu++20";
				CLANG_ENABLE_MODULES = YES;
				CLANG_ENABLE_OBJC_ARC = YES;
				CLANG_ENABLE_OBJC_WEAK = YES;
				CLANG_WARN_BLOCK_CAPTURE_AUTORELEASING = YES;
				CLANG_WARN_BOOL_CONVERSION = YES;
				CLANG_WARN_COMMA = YES;
				CLANG_WARN_CONSTANT_CONVERSION = YES;
				CLANG_WARN_DEPRECATED_OBJC_IMPLEMENTATIONS = YES;
				CLANG_WARN_DIRECT_OBJC_ISA_USAGE = YES_ERROR;
				CLANG_WARN_DOCUMENTATION_COMMENTS = YES;
				CLANG_WARN_EMPTY_BODY = YES;
				CLANG_WARN_ENUM_CONVERSION = YES;
				CLANG_WARN_INFINITE_RECURSION = YES;
				CLANG_WARN_INT_CONVERSION = YES;
				CLANG_WARN_NON_LITERAL_NULL_CONVERSION = YES;
				CLANG_WARN_OBJC_IMPLICIT_RETAIN_SELF = YES;
				CLANG_WARN_OBJC_LITERAL_CONVERSION = YES;
				CLANG_WARN_OBJC_ROOT_CLASS = YES_ERROR;
				CLANG_WARN_QUOTED_INCLUDE_IN_FRAMEWORK_HEADER = YES;
				CLANG_WARN_RANGE_LOOP_ANALYSIS = YES;
				CLANG_WARN_STRICT_PROTOTYPES = YES;
				CLANG_WARN_SUSPICIOUS_MOVE = YES;
				CLANG_WARN_UNGUARDED_AVAILABILITY = YES_AGGRESSIVE;
				CLANG_WARN_UNREACHABLE_CODE = YES;
				CLANG_WARN__DUPLICATE_METHOD_MATCH = YES;
				COPY_PHASE_STRIP = NO;
				DEBUG_INFORMATION_FORMAT = dwarf;
				ENABLE_STRICT_OBJC_MSGSEND = YES;
				ENABLE_TESTABILITY = YES;
				ENABLE_USER_SCRIPT_SANDBOXING = YES;
				GCC_C_LANGUAGE_STANDARD = gnu17;
				GCC_DYNAMIC_NO_PIC = NO;
				GCC_NO_COMMON_BLOCKS = YES;
				GCC_OPTIMIZATION_LEVEL = 0;
				GCC_PREPROCESSOR_DEFINITIONS = (
					"DEBUG=1",
					"$(inherited)",
				);
				GCC_WARN_64_TO_32_BIT_CONVERSION = YES;
				GCC_WARN_ABOUT_RETURN_TYPE = YES_ERROR;
				GCC_WARN_UNDECLARED_SELECTOR = YES;
				GCC_WARN_UNINITIALIZED_AUTOS = YES_AGGRESSIVE;
				GCC_WARN_UNUSED_FUNCTION = YES;
				GCC_WARN_UNUSED_VARIABLE = YES;
				IPHONEOS_DEPLOYMENT_TARGET = 17.4;
				LOCALIZATION_PREFERS_STRING_CATALOGS = YES;
				MTL_ENABLE_DEBUG_INFO = INCLUDE_SOURCE;
				MTL_FAST_MATH = YES;
				ONLY_ACTIVE_ARCH = YES;
				SDKROOT = iphoneos;
				SWIFT_ACTIVE_COMPILATION_CONDITIONS = "DEBUG $(inherited)";
				SWIFT_OPTIMIZATION_LEVEL = "-Onone";
			};
			name = Debug;
		};
		C777ED7D2BAAD0BB00C8BDBD /* Release */ = {
			isa = XCBuildConfiguration;
			buildSettings = {
				ALWAYS_SEARCH_USER_PATHS = NO;
				ASSETCATALOG_COMPILER_GENERATE_SWIFT_ASSET_SYMBOL_EXTENSIONS = YES;
				CLANG_ANALYZER_NONNULL = YES;
				CLANG_ANALYZER_NUMBER_OBJECT_CONVERSION = YES_AGGRESSIVE;
				CLANG_CXX_LANGUAGE_STANDARD = "gnu++20";
				CLANG_ENABLE_MODULES = YES;
				CLANG_ENABLE_OBJC_ARC = YES;
				CLANG_ENABLE_OBJC_WEAK = YES;
				CLANG_WARN_BLOCK_CAPTURE_AUTORELEASING = YES;
				CLANG_WARN_BOOL_CONVERSION = YES;
				CLANG_WARN_COMMA = YES;
				CLANG_WARN_CONSTANT_CONVERSION = YES;
				CLANG_WARN_DEPRECATED_OBJC_IMPLEMENTATIONS = YES;
				CLANG_WARN_DIRECT_OBJC_ISA_USAGE = YES_ERROR;
				CLANG_WARN_DOCUMENTATION_COMMENTS = YES;
				CLANG_WARN_EMPTY_BODY = YES;
				CLANG_WARN_ENUM_CONVERSION = YES;
				CLANG_WARN_INFINITE_RECURSION = YES;
				CLANG_WARN_INT_CONVERSION = YES;
				CLANG_WARN_NON_LITERAL_NULL_CONVERSION = YES;
				CLANG_WARN_OBJC_IMPLICIT_RETAIN_SELF = YES;
				CLANG_WARN_OBJC_LITERAL_CONVERSION = YES;
				CLANG_WARN_OBJC_ROOT_CLASS = YES_ERROR;
				CLANG_WARN_QUOTED_INCLUDE_IN_FRAMEWORK_HEADER = YES;
				CLANG_WARN_RANGE_LOOP_ANALYSIS = YES;
				CLANG_WARN_STRICT_PROTOTYPES = YES;
				CLANG_WARN_SUSPICIOUS_MOVE = YES;
				CLANG_WARN_UNGUARDED_AVAILABILITY = YES_AGGRESSIVE;
				CLANG_WARN_UNREACHABLE_CODE = YES;
				CLANG_WARN__DUPLICATE_METHOD_MATCH = YES;
				COPY_PHASE_STRIP = NO;
				DEBUG_INFORMATION_FORMAT = "dwarf-with-dsym";
				ENABLE_NS_ASSERTIONS = NO;
				ENABLE_STRICT_OBJC_MSGSEND = YES;
				ENABLE_USER_SCRIPT_SANDBOXING = YES;
				GCC_C_LANGUAGE_STANDARD = gnu17;
				GCC_NO_COMMON_BLOCKS = YES;
				GCC_WARN_64_TO_32_BIT_CONVERSION = YES;
				GCC_WARN_ABOUT_RETURN_TYPE = YES_ERROR;
				GCC_WARN_UNDECLARED_SELECTOR = YES;
				GCC_WARN_UNINITIALIZED_AUTOS = YES_AGGRESSIVE;
				GCC_WARN_UNUSED_FUNCTION = YES;
				GCC_WARN_UNUSED_VARIABLE = YES;
				IPHONEOS_DEPLOYMENT_TARGET = 17.4;
				LOCALIZATION_PREFERS_STRING_CATALOGS = YES;
				MTL_ENABLE_DEBUG_INFO = NO;
				MTL_FAST_MATH = YES;
				SDKROOT = iphoneos;
				SWIFT_COMPILATION_MODE = wholemodule;
				VALIDATE_PRODUCT = YES;
			};
			name = Release;
		};
		C777ED7F2BAAD0BB00C8BDBD /* Debug */ = {
			isa = XCBuildConfiguration;
			buildSettings = {
				ASSETCATALOG_COMPILER_APPICON_NAME = AppIcon;
				ASSETCATALOG_COMPILER_GLOBAL_ACCENT_COLOR_NAME = AccentColor;
				CODE_SIGN_STYLE = Automatic;
				CURRENT_PROJECT_VERSION = 1;
				DEVELOPMENT_ASSET_PATHS = "\"LittleLemon/Preview Content\"";
				DEVELOPMENT_TEAM = 2A8H49QXG6;
				ENABLE_PREVIEWS = YES;
				GENERATE_INFOPLIST_FILE = YES;
				INFOPLIST_KEY_UIApplicationSceneManifest_Generation = YES;
				INFOPLIST_KEY_UIApplicationSupportsIndirectInputEvents = YES;
				INFOPLIST_KEY_UILaunchScreen_Generation = YES;
				INFOPLIST_KEY_UISupportedInterfaceOrientations_iPad = "UIInterfaceOrientationPortrait UIInterfaceOrientationPortraitUpsideDown UIInterfaceOrientationLandscapeLeft UIInterfaceOrientationLandscapeRight";
				INFOPLIST_KEY_UISupportedInterfaceOrientations_iPhone = "UIInterfaceOrientationPortrait UIInterfaceOrientationLandscapeLeft UIInterfaceOrientationLandscapeRight";
				LD_RUNPATH_SEARCH_PATHS = (
					"$(inherited)",
					"@executable_path/Frameworks",
				);
				MARKETING_VERSION = 1.0;
				PRODUCT_BUNDLE_IDENTIFIER = com.lophiester.LittleLemon;
				PRODUCT_NAME = "$(TARGET_NAME)";
				SWIFT_EMIT_LOC_STRINGS = YES;
				SWIFT_VERSION = 5.0;
				TARGETED_DEVICE_FAMILY = "1,2";
			};
			name = Debug;
		};
		C777ED802BAAD0BB00C8BDBD /* Release */ = {
			isa = XCBuildConfiguration;
			buildSettings = {
				ASSETCATALOG_COMPILER_APPICON_NAME = AppIcon;
				ASSETCATALOG_COMPILER_GLOBAL_ACCENT_COLOR_NAME = AccentColor;
				CODE_SIGN_STYLE = Automatic;
				CURRENT_PROJECT_VERSION = 1;
				DEVELOPMENT_ASSET_PATHS = "\"LittleLemon/Preview Content\"";
				DEVELOPMENT_TEAM = 2A8H49QXG6;
				ENABLE_PREVIEWS = YES;
				GENERATE_INFOPLIST_FILE = YES;
				INFOPLIST_KEY_UIApplicationSceneManifest_Generation = YES;
				INFOPLIST_KEY_UIApplicationSupportsIndirectInputEvents = YES;
				INFOPLIST_KEY_UILaunchScreen_Generation = YES;
				INFOPLIST_KEY_UISupportedInterfaceOrientations_iPad = "UIInterfaceOrientationPortrait UIInterfaceOrientationPortraitUpsideDown UIInterfaceOrientationLandscapeLeft UIInterfaceOrientationLandscapeRight";
				INFOPLIST_KEY_UISupportedInterfaceOrientations_iPhone = "UIInterfaceOrientationPortrait UIInterfaceOrientationLandscapeLeft UIInterfaceOrientationLandscapeRight";
				LD_RUNPATH_SEARCH_PATHS = (
					"$(inherited)",
					"@executable_path/Frameworks",
				);
				MARKETING_VERSION = 1.0;
				PRODUCT_BUNDLE_IDENTIFIER = com.lophiester.LittleLemon;
				PRODUCT_NAME = "$(TARGET_NAME)";
				SWIFT_EMIT_LOC_STRINGS = YES;
				SWIFT_VERSION = 5.0;
				TARGETED_DEVICE_FAMILY = "1,2";
			};
			name = Release;
		};
/* End XCBuildConfiguration section */

/* Begin XCConfigurationList section */
		C777ED6B2BAAD0B900C8BDBD /* Build configuration list for PBXProject "LittleLemon" */ = {
			isa = XCConfigurationList;
			buildConfigurations = (
				C777ED7C2BAAD0BB00C8BDBD /* Debug */,
				C777ED7D2BAAD0BB00C8BDBD /* Release */,
			);
			defaultConfigurationIsVisible = 0;
			defaultConfigurationName = Release;
		};
		C777ED7E2BAAD0BB00C8BDBD /* Build configuration list for PBXNativeTarget "LittleLemon" */ = {
			isa = XCConfigurationList;
			buildConfigurations = (
				C777ED7F2BAAD0BB00C8BDBD /* Debug */,
				C777ED802BAAD0BB00C8BDBD /* Release */,
			);
			defaultConfigurationIsVisible = 0;
			defaultConfigurationName = Release;
		};
/* End XCConfigurationList section */
	};
	rootObject = C777ED682BAAD0B900C8BDBD /* Project object */;
}
